
Microsoft Visual Studio Solution File, Format Version 12.00
# Visual Studio Version 18
VisualStudioVersion = 18.3.11520.95
MinimumVisualStudioVersion = 10.0.40219.1
Project("{FAE04EC0-301F-11D3-BF4B-00C04F79EFBC}") = "Server.Unit.Tests", "tests\Server.Unit.Tests\Server.Unit.Tests.csproj", "{A1B2C3D4-E5F6-7890-ABCD-EF1234567890}"
EndProject
Project("{FAE04EC0-301F-11D3-BF4B-00C04F79EFBC}") = "Server.Integration.Tests", "tests\Server.Integration.Tests\Server.Integration.Tests.csproj", "{B2C3D4E5-F678-90AB-CDEF-012345678901}"
EndProject
Project("{FAE04EC0-301F-11D3-BF4B-00C04F79EFBC}") = "Server.E2E.Tests", "tests\Server.E2E.Tests\Server.E2E.Tests.csproj", "{C3D4E5F6-7890-ABCD-EF01-234567890123}"
EndProject
Project("{2150E333-8FDC-42A3-9474-1A3956D46DE8}") = "Tests", "Tests", "{2B46D820-039F-4492-A3B9-08DA08A353ED}"
EndProject
Project("{2150E333-8FDC-42A3-9474-1A3956D46DE8}") = "backend", "backend", "{1AE8ACA6-933B-BF2A-3671-3E2EAC007D16}"
EndProject
Project("{FAE04EC0-301F-11D3-BF4B-00C04F79EFBC}") = "Savoire.API", "backend\Savoire.API\Savoire.API.csproj", "{5ADDBB06-B94B-42C8-A9FF-3931D8130EB7}"
EndProject
Project("{FAE04EC0-301F-11D3-BF4B-00C04F79EFBC}") = "Savoire.Application", "backend\Savoire.Application\Savoire.Application.csproj", "{5CC87FD3-5B2E-4151-94C9-ABF2E3AEC446}"
EndProject
Project("{FAE04EC0-301F-11D3-BF4B-00C04F79EFBC}") = "Savoire.Domain", "backend\Savoire.Domain\Savoire.Domain.csproj", "{F0FFE929-5C51-4AFF-B8AC-F7B2E66DC450}"
EndProject
Project("{FAE04EC0-301F-11D3-BF4B-00C04F79EFBC}") = "Savoire.Infrastructure", "backend\Savoire.Infrastructure\Savoire.Infrastructure.csproj", "{6C336574-37B0-4F9C-AE0E-1FB7A1000FB4}"
EndProject
Project("{2150E333-8FDC-42A3-9474-1A3956D46DE8}") = "Frontend", "Frontend", "{CE609670-85B9-0D16-FB54-ED063D5D8A6D}"
EndProject
Project("{54A90642-561A-4BB1-A94E-469ADEE60C69}") = "web", "apps\web\web.esproj", "{86FE558C-FF1A-4F5E-B4E8-CDC65731D5AD}"
EndProject
Project("{54A90642-561A-4BB1-A94E-469ADEE60C69}") = "desktop", "apps\desktop\desktop.esproj", "{CDA8BF3F-AE44-44FB-BEE3-DB2ABD51B611}"
EndProject
Project("{54A90642-561A-4BB1-A94E-469ADEE60C69}") = "editor-dev", "apps\editor-dev\editor-dev.esproj", "{978718C7-8253-460C-A3C0-88A3A43A6411}"
EndProject
Project("{54A90642-561A-4BB1-A94E-469ADEE60C69}") = "frontend-e2e", "frontend\tests\frontend-e2e.esproj", "{916527A9-4161-4DD8-BEC9-3D81AE556694}"
EndProject
Project("{54A90642-561A-4BB1-A94E-469ADEE60C69}") = "plugin-core-tests", "tests\frontend\unit\plugin-core-tests\plugin-core-tests.esproj", "{C36FF812-84F5-4172-BDBD-A9AC89CF5B14}"
EndProject
Project("{2150E333-8FDC-42A3-9474-1A3956D46DE8}") = "test", "test", "{69072C42-556B-43F6-9446-B609DD8D94C2}"
EndProject
Project("{FAE04EC0-301F-11D3-BF4B-00C04F79EFBC}") = "Server.Architecture.Tests", "tests\Server.Architecture.Tests\Server.Architecture.Tests.csproj", "{0FD1C043-DB91-4790-8AF1-33B58B4E38A2}"
EndProject
Global
	GlobalSection(SolutionConfigurationPlatforms) = preSolution
		Debug|Any CPU = Debug|Any CPU
		Debug|x64 = Debug|x64
		Debug|x86 = Debug|x86
		Release|Any CPU = Release|Any CPU
		Release|x64 = Release|x64
		Release|x86 = Release|x86
	EndGlobalSection
	GlobalSection(ProjectConfigurationPlatforms) = postSolution
		{A1B2C3D4-E5F6-7890-ABCD-EF1234567890}.Debug|Any CPU.ActiveCfg = Debug|Any CPU
		{A1B2C3D4-E5F6-7890-ABCD-EF1234567890}.Debug|Any CPU.Build.0 = Debug|Any CPU
		{A1B2C3D4-E5F6-7890-ABCD-EF1234567890}.Debug|x64.ActiveCfg = Debug|Any CPU
		{A1B2C3D4-E5F6-7890-ABCD-EF1234567890}.Debug|x64.Build.0 = Debug|Any CPU
		{A1B2C3D4-E5F6-7890-ABCD-EF1234567890}.Debug|x86.ActiveCfg = Debug|Any CPU
		{A1B2C3D4-E5F6-7890-ABCD-EF1234567890}.Debug|x86.Build.0 = Debug|Any CPU
		{A1B2C3D4-E5F6-7890-ABCD-EF1234567890}.Release|Any CPU.ActiveCfg = Release|Any CPU
		{A1B2C3D4-E5F6-7890-ABCD-EF1234567890}.Release|Any CPU.Build.0 = Release|Any CPU
		{A1B2C3D4-E5F6-7890-ABCD-EF1234567890}.Release|x64.ActiveCfg = Release|Any CPU
		{A1B2C3D4-E5F6-7890-ABCD-EF1234567890}.Release|x64.Build.0 = Release|Any CPU
		{A1B2C3D4-E5F6-7890-ABCD-EF1234567890}.Release|x86.ActiveCfg = Release|Any CPU
		{A1B2C3D4-E5F6-7890-ABCD-EF1234567890}.Release|x86.Build.0 = Release|Any CPU
		{B2C3D4E5-F678-90AB-CDEF-012345678901}.Debug|Any CPU.ActiveCfg = Debug|Any CPU
		{B2C3D4E5-F678-90AB-CDEF-012345678901}.Debug|Any CPU.Build.0 = Debug|Any CPU
		{B2C3D4E5-F678-90AB-CDEF-012345678901}.Debug|x64.ActiveCfg = Debug|Any CPU
		{B2C3D4E5-F678-90AB-CDEF-012345678901}.Debug|x64.Build.0 = Debug|Any CPU
		{B2C3D4E5-F678-90AB-CDEF-012345678901}.Debug|x86.ActiveCfg = Debug|Any CPU
		{B2C3D4E5-F678-90AB-CDEF-012345678901}.Debug|x86.Build.0 = Debug|Any CPU
		{B2C3D4E5-F678-90AB-CDEF-012345678901}.Release|Any CPU.ActiveCfg = Release|Any CPU
		{B2C3D4E5-F678-90AB-CDEF-012345678901}.Release|Any CPU.Build.0 = Release|Any CPU
		{B2C3D4E5-F678-90AB-CDEF-012345678901}.Release|x64.ActiveCfg = Release|Any CPU
		{B2C3D4E5-F678-90AB-CDEF-012345678901}.Release|x64.Build.0 = Release|Any CPU
		{B2C3D4E5-F678-90AB-CDEF-012345678901}.Release|x86.ActiveCfg = Release|Any CPU
		{B2C3D4E5-F678-90AB-CDEF-012345678901}.Release|x86.Build.0 = Release|Any CPU
		{C3D4E5F6-7890-ABCD-EF01-234567890123}.Debug|Any CPU.ActiveCfg = Debug|Any CPU
		{C3D4E5F6-7890-ABCD-EF01-234567890123}.Debug|Any CPU.Build.0 = Debug|Any CPU
		{C3D4E5F6-7890-ABCD-EF01-234567890123}.Debug|x64.ActiveCfg = Debug|Any CPU
		{C3D4E5F6-7890-ABCD-EF01-234567890123}.Debug|x64.Build.0 = Debug|Any CPU
		{C3D4E5F6-7890-ABCD-EF01-234567890123}.Debug|x86.ActiveCfg = Debug|Any CPU
		{C3D4E5F6-7890-ABCD-EF01-234567890123}.Debug|x86.Build.0 = Debug|Any CPU
		{C3D4E5F6-7890-ABCD-EF01-234567890123}.Release|Any CPU.ActiveCfg = Release|Any CPU
		{C3D4E5F6-7890-ABCD-EF01-234567890123}.Release|Any CPU.Build.0 = Release|Any CPU
		{C3D4E5F6-7890-ABCD-EF01-234567890123}.Release|x64.ActiveCfg = Release|Any CPU
		{C3D4E5F6-7890-ABCD-EF01-234567890123}.Release|x64.Build.0 = Release|Any CPU
		{C3D4E5F6-7890-ABCD-EF01-234567890123}.Release|x86.ActiveCfg = Release|Any CPU
		{C3D4E5F6-7890-ABCD-EF01-234567890123}.Release|x86.Build.0 = Release|Any CPU
		{5ADDBB06-B94B-42C8-A9FF-3931D8130EB7}.Debug|Any CPU.ActiveCfg = Debug|Any CPU
		{5ADDBB06-B94B-42C8-A9FF-3931D8130EB7}.Debug|Any CPU.Build.0 = Debug|Any CPU
		{5ADDBB06-B94B-42C8-A9FF-3931D8130EB7}.Debug|x64.ActiveCfg = Debug|Any CPU
		{5ADDBB06-B94B-42C8-A9FF-3931D8130EB7}.Debug|x64.Build.0 = Debug|Any CPU
		{5ADDBB06-B94B-42C8-A9FF-3931D8130EB7}.Debug|x86.ActiveCfg = Debug|Any CPU
		{5ADDBB06-B94B-42C8-A9FF-3931D8130EB7}.Debug|x86.Build.0 = Debug|Any CPU
		{5ADDBB06-B94B-42C8-A9FF-3931D8130EB7}.Release|Any CPU.ActiveCfg = Release|Any CPU
		{5ADDBB06-B94B-42C8-A9FF-3931D8130EB7}.Release|Any CPU.Build.0 = Release|Any CPU
		{5ADDBB06-B94B-42C8-A9FF-3931D8130EB7}.Release|x64.ActiveCfg = Release|Any CPU
		{5ADDBB06-B94B-42C8-A9FF-3931D8130EB7}.Release|x64.Build.0 = Release|Any CPU
		{5ADDBB06-B94B-42C8-A9FF-3931D8130EB7}.Release|x86.ActiveCfg = Release|Any CPU
		{5ADDBB06-B94B-42C8-A9FF-3931D8130EB7}.Release|x86.Build.0 = Release|Any CPU
		{5CC87FD3-5B2E-4151-94C9-ABF2E3AEC446}.Debug|Any CPU.ActiveCfg = Debug|Any CPU
		{5CC87FD3-5B2E-4151-94C9-ABF2E3AEC446}.Debug|Any CPU.Build.0 = Debug|Any CPU
		{5CC87FD3-5B2E-4151-94C9-ABF2E3AEC446}.Debug|x64.ActiveCfg = Debug|Any CPU
		{5CC87FD3-5B2E-4151-94C9-ABF2E3AEC446}.Debug|x64.Build.0 = Debug|Any CPU
		{5CC87FD3-5B2E-4151-94C9-ABF2E3AEC446}.Debug|x86.ActiveCfg = Debug|Any CPU
		{5CC87FD3-5B2E-4151-94C9-ABF2E3AEC446}.Debug|x86.Build.0 = Debug|Any CPU
		{5CC87FD3-5B2E-4151-94C9-ABF2E3AEC446}.Release|Any CPU.ActiveCfg = Release|Any CPU
		{5CC87FD3-5B2E-4151-94C9-ABF2E3AEC446}.Release|Any CPU.Build.0 = Release|Any CPU
		{5CC87FD3-5B2E-4151-94C9-ABF2E3AEC446}.Release|x64.ActiveCfg = Release|Any CPU
		{5CC87FD3-5B2E-4151-94C9-ABF2E3AEC446}.Release|x64.Build.0 = Release|Any CPU
		{5CC87FD3-5B2E-4151-94C9-ABF2E3AEC446}.Release|x86.ActiveCfg = Release|Any CPU
		{5CC87FD3-5B2E-4151-94C9-ABF2E3AEC446}.Release|x86.Build.0 = Release|Any CPU
		{F0FFE929-5C51-4AFF-B8AC-F7B2E66DC450}.Debug|Any CPU.ActiveCfg = Debug|Any CPU
		{F0FFE929-5C51-4AFF-B8AC-F7B2E66DC450}.Debug|Any CPU.Build.0 = Debug|Any CPU
		{F0FFE929-5C51-4AFF-B8AC-F7B2E66DC450}.Debug|x64.ActiveCfg = Debug|Any CPU
		{F0FFE929-5C51-4AFF-B8AC-F7B2E66DC450}.Debug|x64.Build.0 = Debug|Any CPU
		{F0FFE929-5C51-4AFF-B8AC-F7B2E66DC450}.Debug|x86.ActiveCfg = Debug|Any CPU
		{F0FFE929-5C51-4AFF-B8AC-F7B2E66DC450}.Debug|x86.Build.0 = Debug|Any CPU
		{F0FFE929-5C51-4AFF-B8AC-F7B2E66DC450}.Release|Any CPU.ActiveCfg = Release|Any CPU
		{F0FFE929-5C51-4AFF-B8AC-F7B2E66DC450}.Release|Any CPU.Build.0 = Release|Any CPU
		{F0FFE929-5C51-4AFF-B8AC-F7B2E66DC450}.Release|x64.ActiveCfg = Release|Any CPU
		{F0FFE929-5C51-4AFF-B8AC-F7B2E66DC450}.Release|x64.Build.0 = Release|Any CPU
		{F0FFE929-5C51-4AFF-B8AC-F7B2E66DC450}.Release|x86.ActiveCfg = Release|Any CPU
		{F0FFE929-5C51-4AFF-B8AC-F7B2E66DC450}.Release|x86.Build.0 = Release|Any CPU
		{6C336574-37B0-4F9C-AE0E-1FB7A1000FB4}.Debug|Any CPU.ActiveCfg = Debug|Any CPU
		{6C336574-37B0-4F9C-AE0E-1FB7A1000FB4}.Debug|Any CPU.Build.0 = Debug|Any CPU
		{6C336574-37B0-4F9C-AE0E-1FB7A1000FB4}.Debug|x64.ActiveCfg = Debug|Any CPU
		{6C336574-37B0-4F9C-AE0E-1FB7A1000FB4}.Debug|x64.Build.0 = Debug|Any CPU
		{6C336574-37B0-4F9C-AE0E-1FB7A1000FB4}.Debug|x86.ActiveCfg = Debug|Any CPU
		{6C336574-37B0-4F9C-AE0E-1FB7A1000FB4}.Debug|x86.Build.0 = Debug|Any CPU
		{6C336574-37B0-4F9C-AE0E-1FB7A1000FB4}.Release|Any CPU.ActiveCfg = Release|Any CPU
		{6C336574-37B0-4F9C-AE0E-1FB7A1000FB4}.Release|Any CPU.Build.0 = Release|Any CPU
		{6C336574-37B0-4F9C-AE0E-1FB7A1000FB4}.Release|x64.ActiveCfg = Release|Any CPU
		{6C336574-37B0-4F9C-AE0E-1FB7A1000FB4}.Release|x64.Build.0 = Release|Any CPU
		{6C336574-37B0-4F9C-AE0E-1FB7A1000FB4}.Release|x86.ActiveCfg = Release|Any CPU
		{6C336574-37B0-4F9C-AE0E-1FB7A1000FB4}.Release|x86.Build.0 = Release|Any CPU
		{86FE558C-FF1A-4F5E-B4E8-CDC65731D5AD}.Debug|Any CPU.ActiveCfg = Debug|Any CPU
		{86FE558C-FF1A-4F5E-B4E8-CDC65731D5AD}.Debug|x64.ActiveCfg = Debug|Any CPU
		{86FE558C-FF1A-4F5E-B4E8-CDC65731D5AD}.Debug|x86.ActiveCfg = Debug|Any CPU
		{86FE558C-FF1A-4F5E-B4E8-CDC65731D5AD}.Release|Any CPU.ActiveCfg = Release|Any CPU
		{86FE558C-FF1A-4F5E-B4E8-CDC65731D5AD}.Release|x64.ActiveCfg = Release|Any CPU
		{86FE558C-FF1A-4F5E-B4E8-CDC65731D5AD}.Release|x86.ActiveCfg = Release|Any CPU
		{CDA8BF3F-AE44-44FB-BEE3-DB2ABD51B611}.Debug|Any CPU.ActiveCfg = Debug|Any CPU
		{CDA8BF3F-AE44-44FB-BEE3-DB2ABD51B611}.Debug|x64.ActiveCfg = Debug|Any CPU
		{CDA8BF3F-AE44-44FB-BEE3-DB2ABD51B611}.Debug|x86.ActiveCfg = Debug|Any CPU
		{CDA8BF3F-AE44-44FB-BEE3-DB2ABD51B611}.Release|Any CPU.ActiveCfg = Release|Any CPU
		{CDA8BF3F-AE44-44FB-BEE3-DB2ABD51B611}.Release|x64.ActiveCfg = Release|Any CPU
		{CDA8BF3F-AE44-44FB-BEE3-DB2ABD51B611}.Release|x86.ActiveCfg = Release|Any CPU
		{978718C7-8253-460C-A3C0-88A3A43A6411}.Debug|Any CPU.ActiveCfg = Debug|Any CPU
		{978718C7-8253-460C-A3C0-88A3A43A6411}.Debug|x64.ActiveCfg = Debug|Any CPU
		{978718C7-8253-460C-A3C0-88A3A43A6411}.Debug|x86.ActiveCfg = Debug|Any CPU
		{978718C7-8253-460C-A3C0-88A3A43A6411}.Release|Any CPU.ActiveCfg = Release|Any CPU
		{978718C7-8253-460C-A3C0-88A3A43A6411}.Release|x64.ActiveCfg = Release|Any CPU
		{978718C7-8253-460C-A3C0-88A3A43A6411}.Release|x86.ActiveCfg = Release|Any CPU
		{916527A9-4161-4DD8-BEC9-3D81AE556694}.Debug|Any CPU.ActiveCfg = Debug|Any CPU
		{916527A9-4161-4DD8-BEC9-3D81AE556694}.Debug|x64.ActiveCfg = Debug|Any CPU
		{916527A9-4161-4DD8-BEC9-3D81AE556694}.Debug|x86.ActiveCfg = Debug|Any CPU
		{916527A9-4161-4DD8-BEC9-3D81AE556694}.Release|Any CPU.ActiveCfg = Release|Any CPU
		{916527A9-4161-4DD8-BEC9-3D81AE556694}.Release|x64.ActiveCfg = Release|Any CPU
		{916527A9-4161-4DD8-BEC9-3D81AE556694}.Release|x86.ActiveCfg = Release|Any CPU
		{C36FF812-84F5-4172-BDBD-A9AC89CF5B14}.Debug|Any CPU.ActiveCfg = Debug|Any CPU
		{C36FF812-84F5-4172-BDBD-A9AC89CF5B14}.Debug|x64.ActiveCfg = Debug|Any CPU
		{C36FF812-84F5-4172-BDBD-A9AC89CF5B14}.Debug|x86.ActiveCfg = Debug|Any CPU
		{C36FF812-84F5-4172-BDBD-A9AC89CF5B14}.Release|Any CPU.ActiveCfg = Release|Any CPU
		{C36FF812-84F5-4172-BDBD-A9AC89CF5B14}.Release|x64.ActiveCfg = Release|Any CPU
		{C36FF812-84F5-4172-BDBD-A9AC89CF5B14}.Release|x86.ActiveCfg = Release|Any CPU
		{0FD1C043-DB91-4790-8AF1-33B58B4E38A2}.Debug|Any CPU.ActiveCfg = Debug|Any CPU
		{0FD1C043-DB91-4790-8AF1-33B58B4E38A2}.Debug|Any CPU.Build.0 = Debug|Any CPU
		{0FD1C043-DB91-4790-8AF1-33B58B4E38A2}.Debug|x64.ActiveCfg = Debug|Any CPU
		{0FD1C043-DB91-4790-8AF1-33B58B4E38A2}.Debug|x64.Build.0 = Debug|Any CPU
		{0FD1C043-DB91-4790-8AF1-33B58B4E38A2}.Debug|x86.ActiveCfg = Debug|Any CPU
		{0FD1C043-DB91-4790-8AF1-33B58B4E38A2}.Debug|x86.Build.0 = Debug|Any CPU
		{0FD1C043-DB91-4790-8AF1-33B58B4E38A2}.Release|Any CPU.ActiveCfg = Release|Any CPU
		{0FD1C043-DB91-4790-8AF1-33B58B4E38A2}.Release|Any CPU.Build.0 = Release|Any CPU
		{0FD1C043-DB91-4790-8AF1-33B58B4E38A2}.Release|x64.ActiveCfg = Release|Any CPU
		{0FD1C043-DB91-4790-8AF1-33B58B4E38A2}.Release|x64.Build.0 = Release|Any CPU
		{0FD1C043-DB91-4790-8AF1-33B58B4E38A2}.Release|x86.ActiveCfg = Release|Any CPU
		{0FD1C043-DB91-4790-8AF1-33B58B4E38A2}.Release|x86.Build.0 = Release|Any CPU
	EndGlobalSection
	GlobalSection(SolutionProperties) = preSolution
		HideSolutionNode = FALSE
	EndGlobalSection
	GlobalSection(NestedProjects) = preSolution
		{A1B2C3D4-E5F6-7890-ABCD-EF1234567890} = {2B46D820-039F-4492-A3B9-08DA08A353ED}
		{B2C3D4E5-F678-90AB-CDEF-012345678901} = {2B46D820-039F-4492-A3B9-08DA08A353ED}
		{C3D4E5F6-7890-ABCD-EF01-234567890123} = {2B46D820-039F-4492-A3B9-08DA08A353ED}
		{5ADDBB06-B94B-42C8-A9FF-3931D8130EB7} = {1AE8ACA6-933B-BF2A-3671-3E2EAC007D16}
		{5CC87FD3-5B2E-4151-94C9-ABF2E3AEC446} = {1AE8ACA6-933B-BF2A-3671-3E2EAC007D16}
		{F0FFE929-5C51-4AFF-B8AC-F7B2E66DC450} = {1AE8ACA6-933B-BF2A-3671-3E2EAC007D16}
		{6C336574-37B0-4F9C-AE0E-1FB7A1000FB4} = {1AE8ACA6-933B-BF2A-3671-3E2EAC007D16}
		{86FE558C-FF1A-4F5E-B4E8-CDC65731D5AD} = {CE609670-85B9-0D16-FB54-ED063D5D8A6D}
		{CDA8BF3F-AE44-44FB-BEE3-DB2ABD51B611} = {CE609670-85B9-0D16-FB54-ED063D5D8A6D}
		{978718C7-8253-460C-A3C0-88A3A43A6411} = {CE609670-85B9-0D16-FB54-ED063D5D8A6D}
		{916527A9-4161-4DD8-BEC9-3D81AE556694} = {69072C42-556B-43F6-9446-B609DD8D94C2}
		{C36FF812-84F5-4172-BDBD-A9AC89CF5B14} = {69072C42-556B-43F6-9446-B609DD8D94C2}
		{69072C42-556B-43F6-9446-B609DD8D94C2} = {CE609670-85B9-0D16-FB54-ED063D5D8A6D}
		{0FD1C043-DB91-4790-8AF1-33B58B4E38A2} = {2B46D820-039F-4492-A3B9-08DA08A353ED}
	EndGlobalSection
	GlobalSection(ExtensibilityGlobals) = postSolution
		SolutionGuid = {4EA9A766-CAF6-4AE3-A2A8-87D93417B7B1}
	EndGlobalSection
EndGlobal


